{
  "name": "llms-txt-scoreboard",
  "version": "0.1.0",
  "lockfileVersion": 3,
  "requires": true,
  "packages": {
    "": {
      "name": "llms-txt-scoreboard",
      "version": "0.1.0",
      "dependencies": {
        "llms-txt-check": "^0.1.4"
      }
    },
    "node_modules/llms-txt-check": {
      "version": "0.1.4",
      "resolved": "https://registry.npmjs.org/llms-txt-check/-/llms-txt-check-0.1.4.tgz",
      "integrity": "sha512-BVtf1RwdrQjZ96pxTtFtUuIuB1MuBXHLCgAN5gObzbuypqxc6qUYfwjOrEYJhIN3q7CbAv1/3nSgxyQ5wocoZg==",
      "license": "MIT",
      "bin": {
        "llms-txt-check": "dist/cli.js"
      },
      "engines": {
        "node": ">=18.17"
      }
    }
  }
}
